
Microsoft Visual Studio Solution File, Format Version 12.00
# Visual Studio Version 16
VisualStudioVersion = 16.0.28922.388
MinimumVisualStudioVersion = 10.0.40219.1
Project("{9A19103F-16F7-4668-BE54-9A1E7A4F7556}") = "Hinox.Data.Elasticsearch", "Hinox.Data.Elasticsearch\Hinox.Data.Elasticsearch.csproj", "{64DCBDBA-5090-4C89-8C56-7E110E326778}"
EndProject
Project("{9A19103F-16F7-4668-BE54-9A1E7A4F7556}") = "Hinox.Data.Mssql", "Hinox.Data.Mssql\Hinox.Data.Mssql.csproj", "{8719619B-9E2B-4C8F-A6AE-9779B86D0C56}"
EndProject
Project("{9A19103F-16F7-4668-BE54-9A1E7A4F7556}") = "Hinox.Static", "Hinox.Static\Hinox.Static.csproj", "{20CEF5F4-67CA-4152-8E85-8CD8681D088B}"
EndProject
Project("{9A19103F-16F7-4668-BE54-9A1E7A4F7556}") = "Hinox.Data.Rest", "Hinox.Data.Rest\Hinox.Data.Rest.csproj", "{4DCBCF6C-9DCD-42C5-9DA6-DAD0350229DD}"
EndProject
Project("{9A19103F-16F7-4668-BE54-9A1E7A4F7556}") = "Hinox.Data.Mongo", "Hinox.Data.Mongo\Hinox.Data.Mongo.csproj", "{27ED36D2-D1F0-4DD2-A47A-472D9B7D6A89}"
EndProject
Project("{9A19103F-16F7-4668-BE54-9A1E7A4F7556}") = "Hinox.EventBus.Kafka", "Hinox.EventBus.Kafka\Hinox.EventBus.Kafka.csproj", "{80B51015-C735-4943-B5FF-6C01611EED94}"
EndProject
Project("{9A19103F-16F7-4668-BE54-9A1E7A4F7556}") = "Hinox.EventBus.Common", "Hinox.EventBus.Common\Hinox.EventBus.Common.csproj", "{2D6F1EC5-4DA5-4D6B-B96A-F4F6CCEAFBBF}"
EndProject
Project("{9A19103F-16F7-4668-BE54-9A1E7A4F7556}") = "Hinox.Mvc", "Hinox.Mvc\Hinox.Mvc.csproj", "{781B4143-50B8-43BD-BF54-359143037F74}"
EndProject
Project("{FAE04EC0-301F-11D3-BF4B-00C04F79EFBC}") = "Hinox.Test", "Hinox.Test\Hinox.Test.csproj", "{A35766FF-6470-4F4E-B0FA-9E5A4074BEAF}"
EndProject
Project("{FAE04EC0-301F-11D3-BF4B-00C04F79EFBC}") = "Hinox.Office", "Hinox.Office\Hinox.Office.csproj", "{AD9F512D-7531-4C9E-8A6B-8D524C8B27BE}"
EndProject
Global
	GlobalSection(SolutionConfigurationPlatforms) = preSolution
		Debug|Any CPU = Debug|Any CPU
		Release|Any CPU = Release|Any CPU
	EndGlobalSection
	GlobalSection(ProjectConfigurationPlatforms) = postSolution
		{64DCBDBA-5090-4C89-8C56-7E110E326778}.Debug|Any CPU.ActiveCfg = Debug|Any CPU
		{64DCBDBA-5090-4C89-8C56-7E110E326778}.Debug|Any CPU.Build.0 = Debug|Any CPU
		{64DCBDBA-5090-4C89-8C56-7E110E326778}.Release|Any CPU.ActiveCfg = Release|Any CPU
		{64DCBDBA-5090-4C89-8C56-7E110E326778}.Release|Any CPU.Build.0 = Release|Any CPU
		{8719619B-9E2B-4C8F-A6AE-9779B86D0C56}.Debug|Any CPU.ActiveCfg = Debug|Any CPU
		{8719619B-9E2B-4C8F-A6AE-9779B86D0C56}.Debug|Any CPU.Build.0 = Debug|Any CPU
		{8719619B-9E2B-4C8F-A6AE-9779B86D0C56}.Release|Any CPU.ActiveCfg = Release|Any CPU
		{8719619B-9E2B-4C8F-A6AE-9779B86D0C56}.Release|Any CPU.Build.0 = Release|Any CPU
		{20CEF5F4-67CA-4152-8E85-8CD8681D088B}.Debug|Any CPU.ActiveCfg = Debug|Any CPU
		{20CEF5F4-67CA-4152-8E85-8CD8681D088B}.Debug|Any CPU.Build.0 = Debug|Any CPU
		{20CEF5F4-67CA-4152-8E85-8CD8681D088B}.Release|Any CPU.ActiveCfg = Release|Any CPU
		{20CEF5F4-67CA-4152-8E85-8CD8681D088B}.Release|Any CPU.Build.0 = Release|Any CPU
		{4DCBCF6C-9DCD-42C5-9DA6-DAD0350229DD}.Debug|Any CPU.ActiveCfg = Debug|Any CPU
		{4DCBCF6C-9DCD-42C5-9DA6-DAD0350229DD}.Debug|Any CPU.Build.0 = Debug|Any CPU
		{4DCBCF6C-9DCD-42C5-9DA6-DAD0350229DD}.Release|Any CPU.ActiveCfg = Release|Any CPU
		{4DCBCF6C-9DCD-42C5-9DA6-DAD0350229DD}.Release|Any CPU.Build.0 = Release|Any CPU
		{27ED36D2-D1F0-4DD2-A47A-472D9B7D6A89}.Debug|Any CPU.ActiveCfg = Debug|Any CPU
		{27ED36D2-D1F0-4DD2-A47A-472D9B7D6A89}.Debug|Any CPU.Build.0 = Debug|Any CPU
		{27ED36D2-D1F0-4DD2-A47A-472D9B7D6A89}.Release|Any CPU.ActiveCfg = Release|Any CPU
		{27ED36D2-D1F0-4DD2-A47A-472D9B7D6A89}.Release|Any CPU.Build.0 = Release|Any CPU
		{80B51015-C735-4943-B5FF-6C01611EED94}.Debug|Any CPU.ActiveCfg = Debug|Any CPU
		{80B51015-C735-4943-B5FF-6C01611EED94}.Debug|Any CPU.Build.0 = Debug|Any CPU
		{80B51015-C735-4943-B5FF-6C01611EED94}.Release|Any CPU.ActiveCfg = Release|Any CPU
		{80B51015-C735-4943-B5FF-6C01611EED94}.Release|Any CPU.Build.0 = Release|Any CPU
		{2D6F1EC5-4DA5-4D6B-B96A-F4F6CCEAFBBF}.Debug|Any CPU.ActiveCfg = Debug|Any CPU
		{2D6F1EC5-4DA5-4D6B-B96A-F4F6CCEAFBBF}.Debug|Any CPU.Build.0 = Debug|Any CPU
		{2D6F1EC5-4DA5-4D6B-B96A-F4F6CCEAFBBF}.Release|Any CPU.ActiveCfg = Release|Any CPU
		{2D6F1EC5-4DA5-4D6B-B96A-F4F6CCEAFBBF}.Release|Any CPU.Build.0 = Release|Any CPU
		{781B4143-50B8-43BD-BF54-359143037F74}.Debug|Any CPU.ActiveCfg = Debug|Any CPU
		{781B4143-50B8-43BD-BF54-359143037F74}.Debug|Any CPU.Build.0 = Debug|Any CPU
		{781B4143-50B8-43BD-BF54-359143037F74}.Release|Any CPU.ActiveCfg = Release|Any CPU
		{781B4143-50B8-43BD-BF54-359143037F74}.Release|Any CPU.Build.0 = Release|Any CPU
		{A35766FF-6470-4F4E-B0FA-9E5A4074BEAF}.Debug|Any CPU.ActiveCfg = Debug|Any CPU
		{A35766FF-6470-4F4E-B0FA-9E5A4074BEAF}.Debug|Any CPU.Build.0 = Debug|Any CPU
		{A35766FF-6470-4F4E-B0FA-9E5A4074BEAF}.Release|Any CPU.ActiveCfg = Release|Any CPU
		{A35766FF-6470-4F4E-B0FA-9E5A4074BEAF}.Release|Any CPU.Build.0 = Release|Any CPU
		{AD9F512D-7531-4C9E-8A6B-8D524C8B27BE}.Debug|Any CPU.ActiveCfg = Debug|Any CPU
		{AD9F512D-7531-4C9E-8A6B-8D524C8B27BE}.Debug|Any CPU.Build.0 = Debug|Any CPU
		{AD9F512D-7531-4C9E-8A6B-8D524C8B27BE}.Release|Any CPU.ActiveCfg = Release|Any CPU
		{AD9F512D-7531-4C9E-8A6B-8D524C8B27BE}.Release|Any CPU.Build.0 = Release|Any CPU
	EndGlobalSection
	GlobalSection(SolutionProperties) = preSolution
		HideSolutionNode = FALSE
	EndGlobalSection
	GlobalSection(ExtensibilityGlobals) = postSolution
		SolutionGuid = {0B430E0C-563A-4B14-A51C-33F8858B0D7A}
	EndGlobalSection
EndGlobal
